
Microsoft Visual Studio Solution File, Format Version 12.00
# Visual Studio Version 17
VisualStudioVersion = 17.4.33213.308
MinimumVisualStudioVersion = 10.0.40219.1
Project("{FAE04EC0-301F-11D3-BF4B-00C04F79EFBC}") = "AddressBook", "AddressBook\AddressBook.csproj", "{930A970A-03FD-45BE-B9D1-26355B450848}"
EndProject
Global
	GlobalSection(SolutionConfigurationPlatforms) = preSolution
		Debug|Any CPU = Debug|Any CPU
		Release|Any CPU = Release|Any CPU
	EndGlobalSection
	GlobalSection(ProjectConfigurationPlatforms) = postSolution
		{930A970A-03FD-45BE-B9D1-26355B450848}.Debug|Any CPU.ActiveCfg = Debug|Any CPU
		{930A970A-03FD-45BE-B9D1-26355B450848}.Debug|Any CPU.Build.0 = Debug|Any CPU
		{930A970A-03FD-45BE-B9D1-26355B450848}.Release|Any CPU.ActiveCfg = Release|Any CPU
		{930A970A-03FD-45BE-B9D1-26355B450848}.Release|Any CPU.Build.0 = Release|Any CPU
	EndGlobalSection
	GlobalSection(SolutionProperties) = preSolution
		HideSolutionNode = FALSE
	EndGlobalSection
	GlobalSection(ExtensibilityGlobals) = postSolution
		SolutionGuid = {DDA4C44A-BA00-497D-90DB-6017CC47D281}
	EndGlobalSection
EndGlobal
